
Microsoft Visual Studio Solution File, Format Version 12.00
# Visual Studio Version 17
VisualStudioVersion = 17.5.002.0
MinimumVisualStudioVersion = 10.0.40219.1
Project("{9A19103F-16F7-4668-BE54-9A1E7A4F7556}") = "dotnet-apigateway-ocelot", "dotnet-apigateway-ocelot\dotnet-apigateway-ocelot.csproj", "{CA6610A1-26DF-4834-83A1-F050CF8D1B8C}"
EndProject
Global
	GlobalSection(SolutionConfigurationPlatforms) = preSolution
		Debug|Any CPU = Debug|Any CPU
		Release|Any CPU = Release|Any CPU
	EndGlobalSection
	GlobalSection(ProjectConfigurationPlatforms) = postSolution
		{CA6610A1-26DF-4834-83A1-F050CF8D1B8C}.Debug|Any CPU.ActiveCfg = Debug|Any CPU
		{CA6610A1-26DF-4834-83A1-F050CF8D1B8C}.Debug|Any CPU.Build.0 = Debug|Any CPU
		{CA6610A1-26DF-4834-83A1-F050CF8D1B8C}.Release|Any CPU.ActiveCfg = Release|Any CPU
		{CA6610A1-26DF-4834-83A1-F050CF8D1B8C}.Release|Any CPU.Build.0 = Release|Any CPU
	EndGlobalSection
	GlobalSection(SolutionProperties) = preSolution
		HideSolutionNode = FALSE
	EndGlobalSection
	GlobalSection(ExtensibilityGlobals) = postSolution
		SolutionGuid = {CF11F9FD-790F-4366-A408-200061EB6988}
	EndGlobalSection
EndGlobal
